{
  "name": "aoc",
  "lockfileVersion": 2,
  "requires": true,
  "packages": {
    "": {
      "dependencies": {
        "jetty": "^0.2.1"
      }
    },
    "node_modules/jetty": {
      "version": "0.2.1",
      "resolved": "https://registry.npmjs.org/jetty/-/jetty-0.2.1.tgz",
      "integrity": "sha1-mvJV7+S74zKWrPYxZeO/GBZnhZM=",
      "engines": {
        "node": "~0.10.0"
      }
    }
  },
  "dependencies": {
    "jetty": {
      "version": "0.2.1",
      "resolved": "https://registry.npmjs.org/jetty/-/jetty-0.2.1.tgz",
      "integrity": "sha1-mvJV7+S74zKWrPYxZeO/GBZnhZM="
    }
  }
}
